<?xml version="1.0" encoding="utf-8"?>
<Project ToolsVersion="4.0" xmlns="http://schemas.microsoft.com/developer/msbuild/2003">
  <ItemGroup>
    <Filter Include="Source">
      <UniqueIdentifier>{545865f4-55f7-4adc-ad8a-98753c44d30e}</UniqueIdentifier>
    </Filter>
    <Filter Include="Source\Scenarios">
      <UniqueIdentifier>{3af60f0c-f959-4df0-bfce-61e5c4635af9}</UniqueIdentifier>
    </Filter>
    <Filter Include="Source\Scenarios\Vector List Target">
      <UniqueIdentifier>{a9a08ced-686f-4a7f-998c-df780b399c98}</UniqueIdentifier>
    </Filter>
    <Filter Include="Source\Scenarios\NN Pole Balancer">
      <UniqueIdentifier>{75f633c6-2ceb-4f36-bc16-35298ee2e0e6}</UniqueIdentifier>
    </Filter>
    <Filter Include="Source\Scenarios\NN Driver">
      <UniqueIdentifier>{5b7c034e-2050-4205-8c6d-fd3f7557dd3e}</UniqueIdentifier>
    </Filter>
    <Filter Include="Source\Scenarios\NN Target">
      <UniqueIdentifier>{1e677a4d-0d7b-45e7-9093-6308907c46c3}</UniqueIdentifier>
    </Filter>
    <Filter Include="Source\UI">
      <UniqueIdentifier>{cba3320b-ded3-4b64-b3c0-c29ad8adfffe}</UniqueIdentifier>
    </Filter>
    <Filter Include="Source\Common">
      <UniqueIdentifier>{fdbed969-76fe-4dc1-83b5-ba05c0876b41}</UniqueIdentifier>
    </Filter>
  </ItemGroup>
  <ItemGroup>
    <ClCompile Include="App.cpp">
      <Filter>Source</Filter>
    </ClCompile>
    <ClCompile Include="main.cpp">
      <Filter>Source</Filter>
    </ClCompile>
    <ClCompile Include="stdafx.cpp">
      <Filter>Source</Filter>
    </ClCompile>
    <ClCompile Include="UIManager.cpp">
      <Filter>Source\UI</Filter>
    </ClCompile>
    <ClCompile Include="global.cpp">
      <Filter>Source</Filter>
    </ClCompile>
    <ClCompile Include="NNTargetGenepool.cpp">
      <Filter>Source\Scenarios\NN Target</Filter>
    </ClCompile>
    <ClCompile Include="NNPoleBalancerAgent.cpp">
      <Filter>Source\Scenarios\NN Pole Balancer</Filter>
    </ClCompile>
    <ClCompile Include="UIElement.cpp">
      <Filter>Source\UI</Filter>
    </ClCompile>
    <ClCompile Include="UIButton.cpp">
      <Filter>Source\UI</Filter>
    </ClCompile>
    <ClCompile Include="UIToggleButton.cpp">
      <Filter>Source\UI</Filter>
    </ClCompile>
    <ClCompile Include="UIDynamicText.cpp">
      <Filter>Source\UI</Filter>
    </ClCompile>
    <ClCompile Include="CommonImpl.cpp">
      <Filter>Source\Common</Filter>
    </ClCompile>
    <ClCompile Include="GenepoolController.cpp">
      <Filter>Source\Common</Filter>
    </ClCompile>
    <ClCompile Include="NNTargetApp.cpp">
      <Filter>Source\Scenarios\NN Target</Filter>
    </ClCompile>
    <ClCompile Include="NNTargetAgent.cpp">
      <Filter>Source\Scenarios\NN Target</Filter>
    </ClCompile>
    <ClCompile Include="NNPoleBalancerApp.cpp">
      <Filter>Source\Scenarios\NN Pole Balancer</Filter>
    </ClCompile>
    <ClCompile Include="NNDriverApp.cpp">
      <Filter>Source\Scenarios\NN Driver</Filter>
    </ClCompile>
    <ClCompile Include="NNDriverGenepool.cpp">
      <Filter>Source\Scenarios\NN Driver</Filter>
    </ClCompile>
    <ClCompile Include="Body.cpp">
      <Filter>Source\Scenarios\NN Driver</Filter>
    </ClCompile>
    <ClCompile Include="NNDriverAgent.cpp">
      <Filter>Source\Scenarios\NN Driver</Filter>
    </ClCompile>
    <ClCompile Include="VectorListTargetAgent.cpp">
      <Filter>Source\Scenarios\Vector List Target</Filter>
    </ClCompile>
    <ClCompile Include="VectorListTargetGenepool.cpp">
      <Filter>Source\Scenarios\Vector List Target</Filter>
    </ClCompile>
    <ClCompile Include="VectorListTargetApp.cpp">
      <Filter>Source\Scenarios\Vector List Target</Filter>
    </ClCompile>
  </ItemGroup>
  <ItemGroup>
    <ClInclude Include="App.h">
      <Filter>Source</Filter>
    </ClInclude>
    <ClInclude Include="stdafx.h">
      <Filter>Source</Filter>
    </ClInclude>
    <ClInclude Include="UIManager.h">
      <Filter>Source\UI</Filter>
    </ClInclude>
    <ClInclude Include="global.h">
      <Filter>Source</Filter>
    </ClInclude>
    <ClInclude Include="NNTargetGenepool.h">
      <Filter>Source\Scenarios\NN Target</Filter>
    </ClInclude>
    <ClInclude Include="NNPoleBalancerAgent.h">
      <Filter>Source\Scenarios\NN Pole Balancer</Filter>
    </ClInclude>
    <ClInclude Include="UIElement.h">
      <Filter>Source\UI</Filter>
    </ClInclude>
    <ClInclude Include="UIButton.h">
      <Filter>Source\UI</Filter>
    </ClInclude>
    <ClInclude Include="UIDynamicText.h">
      <Filter>Source\UI</Filter>
    </ClInclude>
    <ClInclude Include="CommonImpl.h">
      <Filter>Source\Common</Filter>
    </ClInclude>
    <ClInclude Include="NNTargetApp.h">
      <Filter>Source\Scenarios\NN Target</Filter>
    </ClInclude>
    <ClInclude Include="NNTargetAgent.h">
      <Filter>Source\Scenarios\NN Target</Filter>
    </ClInclude>
    <ClInclude Include="NNPoleBalancerApp.h">
      <Filter>Source\Scenarios\NN Pole Balancer</Filter>
    </ClInclude>
    <ClInclude Include="NNDriverApp.h">
      <Filter>Source\Scenarios\NN Driver</Filter>
    </ClInclude>
    <ClInclude Include="NNDriverGenepool.h">
      <Filter>Source\Scenarios\NN Driver</Filter>
    </ClInclude>
    <ClInclude Include="Body.h">
      <Filter>Source\Scenarios\NN Driver</Filter>
    </ClInclude>
    <ClInclude Include="NNDriverAgent.h">
      <Filter>Source\Scenarios\NN Driver</Filter>
    </ClInclude>
    <ClInclude Include="GenepoolController.h">
      <Filter>Source\Common</Filter>
    </ClInclude>
    <ClInclude Include="UIToggleButton.h">
      <Filter>Source\UI</Filter>
    </ClInclude>
    <ClInclude Include="VectorListTargetAgent.h">
      <Filter>Source\Scenarios\Vector List Target</Filter>
    </ClInclude>
    <ClInclude Include="VectorListTargetGenepool.h">
      <Filter>Source\Scenarios\Vector List Target</Filter>
    </ClInclude>
    <ClInclude Include="VectorListTargetApp.h">
      <Filter>Source\Scenarios\Vector List Target</Filter>
    </ClInclude>
  </ItemGroup>
</Project>